
Microsoft Visual Studio Solution File, Format Version 12.00
# Visual Studio Version 17
VisualStudioVersion = 17.1.32210.238
MinimumVisualStudioVersion = 10.0.40219.1
Project("{00D1A9C2-B5F0-4AF3-8072-F6C62B433612}") = "LegoDatabase.SqlServer", "LegoDatabase.SqlServer\LegoDatabase.SqlServer.sqlproj", "{D268A57D-88AC-42C2-948F-8DB7E136F460}"
EndProject
Global
	GlobalSection(SolutionConfigurationPlatforms) = preSolution
		Debug|Any CPU = Debug|Any CPU
		Release|Any CPU = Release|Any CPU
	EndGlobalSection
	GlobalSection(ProjectConfigurationPlatforms) = postSolution
		{D268A57D-88AC-42C2-948F-8DB7E136F460}.Debug|Any CPU.ActiveCfg = Debug|Any CPU
		{D268A57D-88AC-42C2-948F-8DB7E136F460}.Debug|Any CPU.Build.0 = Debug|Any CPU
		{D268A57D-88AC-42C2-948F-8DB7E136F460}.Debug|Any CPU.Deploy.0 = Debug|Any CPU
		{D268A57D-88AC-42C2-948F-8DB7E136F460}.Release|Any CPU.ActiveCfg = Release|Any CPU
		{D268A57D-88AC-42C2-948F-8DB7E136F460}.Release|Any CPU.Build.0 = Release|Any CPU
		{D268A57D-88AC-42C2-948F-8DB7E136F460}.Release|Any CPU.Deploy.0 = Release|Any CPU
	EndGlobalSection
	GlobalSection(SolutionProperties) = preSolution
		HideSolutionNode = FALSE
	EndGlobalSection
	GlobalSection(ExtensibilityGlobals) = postSolution
		SolutionGuid = {E0BF5298-268D-4B39-8C65-D5D26D0B3AFA}
	EndGlobalSection
EndGlobal
